<?xml version="1.0" encoding="utf-8"?>
<Project ToolsVersion="4.0" xmlns="http://schemas.microsoft.com/developer/msbuild/2003">
  <ItemGroup>
    <Filter Include="Library">
      <UniqueIdentifier>{d5173dcf-2786-4f98-bd55-d03549637dfe}</UniqueIdentifier>
    </Filter>
    <Filter Include="Src">
      <UniqueIdentifier>{80d0a5a9-6779-4863-bede-cc22a4986dc5}</UniqueIdentifier>
    </Filter>
    <Filter Include="Src\Framework">
      <UniqueIdentifier>{f5928314-3ee2-4e39-abfa-d93aa9ee5891}</UniqueIdentifier>
    </Filter>
    <Filter Include="Src\Framework\Direct3D">
      <UniqueIdentifier>{f193abd5-e51c-466e-a937-722bc9175e9a}</UniqueIdentifier>
    </Filter>
    <Filter Include="Src\Framework\Utility">
      <UniqueIdentifier>{f5d733b1-5031-4659-a9d4-0dd3add1e5fb}</UniqueIdentifier>
    </Filter>
    <Filter Include="Src\Framework\Window">
      <UniqueIdentifier>{cb022f2a-c5a2-449b-9b70-5110aff8550f}</UniqueIdentifier>
    </Filter>
    <Filter Include="Library\tinygltf">
      <UniqueIdentifier>{307bfbcd-124f-4ad7-85f5-3fd94f814b1f}</UniqueIdentifier>
    </Filter>
    <Filter Include="Src\Framework\Shader">
      <UniqueIdentifier>{93543c0c-58fe-4a94-8279-7be3021b65b1}</UniqueIdentifier>
    </Filter>
    <Filter Include="Src\Framework\Shader\SpriteShader">
      <UniqueIdentifier>{2da4d471-f4e8-4b2d-bdef-b93f91523b8b}</UniqueIdentifier>
    </Filter>
    <Filter Include="Src\Application">
      <UniqueIdentifier>{d0d0f9cf-dabd-4346-bc9a-d9c04cf42372}</UniqueIdentifier>
    </Filter>
    <Filter Include="Src\Framework\Math">
      <UniqueIdentifier>{04f33e76-24f0-4a58-9355-5770b3f6f9c6}</UniqueIdentifier>
    </Filter>
    <Filter Include="Src\Framework\Audio">
      <UniqueIdentifier>{2a0de30f-d7e8-4517-a9a1-20de6e434592}</UniqueIdentifier>
    </Filter>
    <Filter Include="Src\Framework\Shader\PostProcessShader">
      <UniqueIdentifier>{bfef98c3-f0b2-41b1-b813-6f298072287b}</UniqueIdentifier>
    </Filter>
    <Filter Include="Src\Framework\GameObject">
      <UniqueIdentifier>{d45ba257-913b-44e3-a012-888d7b6f2b68}</UniqueIdentifier>
    </Filter>
    <Filter Include="Src\Framework\Input">
      <UniqueIdentifier>{9bd33b87-53db-4bc0-b98d-80db98f4ba9b}</UniqueIdentifier>
    </Filter>
    <Filter Include="Src\Framework\Direct3D\Polygon">
      <UniqueIdentifier>{b91bce2d-4487-485a-a855-b2bb6ce0d30b}</UniqueIdentifier>
    </Filter>
    <Filter Include="Src\Framework\Shader\StandardShader">
      <UniqueIdentifier>{857913be-4481-4606-9719-87518d4a6aeb}</UniqueIdentifier>
    </Filter>
    <Filter Include="Src\Framework\Effekseer">
      <UniqueIdentifier>{c81b93e4-2f33-496a-985e-98658f1cec51}</UniqueIdentifier>
    </Filter>
    <Filter Include="Library\imgui">
      <UniqueIdentifier>{9e2b992a-9c34-450b-a4cf-c4749feebcc6}</UniqueIdentifier>
    </Filter>
    <Filter Include="Src\Framework\Font">
      <UniqueIdentifier>{66aaa1ee-9cbd-4422-b7c2-7885620d808f}</UniqueIdentifier>
    </Filter>
    <Filter Include="Src\Framework\Utility\KdDebug">
      <UniqueIdentifier>{8998a2f9-9d4a-46aa-95ef-1d0c2545ca0d}</UniqueIdentifier>
    </Filter>
    <Filter Include="Src\Application\Scene">
      <UniqueIdentifier>{a572e10e-6690-4c7c-af7d-7dcf13d1ee2f}</UniqueIdentifier>
    </Filter>
    <Filter Include="Src\Application\Scene\BaseScene">
      <UniqueIdentifier>{7f2dd72a-1b1e-4fb4-b0cb-8ea5a69cd1b8}</UniqueIdentifier>
    </Filter>
    <Filter Include="Src\Application\Scene\GameScene">
      <UniqueIdentifier>{050f45dd-d558-4156-bcc6-0b010d3265c8}</UniqueIdentifier>
    </Filter>
    <Filter Include="Src\Application\Scene\TitleScene">
      <UniqueIdentifier>{6036b8f3-498e-401e-865a-f8632985b816}</UniqueIdentifier>
    </Filter>
    <Filter Include="Src\Application\Object">
      <UniqueIdentifier>{0fe0d106-582c-495f-ab88-22efe62251a3}</UniqueIdentifier>
    </Filter>
    <Filter Include="Src\Application\Object\Player">
      <UniqueIdentifier>{48153d21-227f-4cac-a70d-4a2125f7488d}</UniqueIdentifier>
    </Filter>
    <Filter Include="Src\Application\Object\Ui">
      <UniqueIdentifier>{13e52c31-3475-4ea1-80eb-72dbb27b89d7}</UniqueIdentifier>
    </Filter>
    <Filter Include="Src\Application\Object\Ui\TitleSceneUi">
      <UniqueIdentifier>{aed1bbc1-8a5c-4258-a50f-7353d329afa7}</UniqueIdentifier>
    </Filter>
    <Filter Include="Src\Application\Object\Ui\GameSceneUi">
      <UniqueIdentifier>{0047854e-7452-4f73-ad52-f511f23c0a38}</UniqueIdentifier>
    </Filter>
    <Filter Include="Src\Application\Scene\StageSelectScene">
      <UniqueIdentifier>{56f65ac7-d6b6-44db-8e7b-2d07f36586c5}</UniqueIdentifier>
    </Filter>
    <Filter Include="Src\Application\Object\Ui\StageSelectSceneUi">
      <UniqueIdentifier>{0597d80f-1dd6-450d-b369-285cfc8fc583}</UniqueIdentifier>
    </Filter>
    <Filter Include="Src\Application\Common">
      <UniqueIdentifier>{2a2a9f57-d2ab-41e8-87b9-6eb7579dfaf3}</UniqueIdentifier>
    </Filter>
    <Filter Include="Src\Application\Common\Input">
      <UniqueIdentifier>{b4481d53-dda6-49fc-a215-4f79a28ebf95}</UniqueIdentifier>
    </Filter>
    <Filter Include="Src\Application\Common\Feed">
      <UniqueIdentifier>{6dc9f940-6861-45e0-9d2d-3df3f22f2b42}</UniqueIdentifier>
    </Filter>
    <Filter Include="Src\Application\Common\CommonAsset">
      <UniqueIdentifier>{4369e6df-ec4d-48ba-b445-abcfabae2cdb}</UniqueIdentifier>
    </Filter>
    <Filter Include="Src\Application\Object\Ui\StageSelectSceneUi\StageSelectBackGround">
      <UniqueIdentifier>{bb0b4a1d-da14-4b23-a567-735167e6d960}</UniqueIdentifier>
    </Filter>
    <Filter Include="Src\Application\Object\Ground">
      <UniqueIdentifier>{fbd0853e-52d2-4ed9-9eed-fe353cba7778}</UniqueIdentifier>
    </Filter>
    <Filter Include="Src\Application\Object\Ground\GameGround">
      <UniqueIdentifier>{92c3bb60-509c-4a50-8340-6582ca6fb861}</UniqueIdentifier>
    </Filter>
    <Filter Include="Src\Application\Common\Info">
      <UniqueIdentifier>{efca324b-c2f2-4285-bf76-8ae7a1d91350}</UniqueIdentifier>
    </Filter>
    <Filter Include="Src\Application\Scene\EditorScene">
      <UniqueIdentifier>{2b0c3971-63f7-4a09-b214-09aad97d52be}</UniqueIdentifier>
    </Filter>
    <Filter Include="Src\Application\Common\Editor">
      <UniqueIdentifier>{d69d0b7d-9bb3-4392-a171-a1b4c77bad22}</UniqueIdentifier>
    </Filter>
    <Filter Include="Src\Application\Object\StageBlock">
      <UniqueIdentifier>{89372405-e96f-4261-ab9c-b8afd92ed5cf}</UniqueIdentifier>
    </Filter>
    <Filter Include="Src\Application\Object\Event">
      <UniqueIdentifier>{62141a18-5f42-41bf-ae30-57d4f74ba5e2}</UniqueIdentifier>
    </Filter>
    <Filter Include="Src\Application\Object\Event\RoomExit">
      <UniqueIdentifier>{83810605-34c6-4728-bde0-af9e9ebefc50}</UniqueIdentifier>
    </Filter>
    <Filter Include="Src\Application\Object\Item">
      <UniqueIdentifier>{bc96e865-4bcd-4c08-a250-eca7c889dc38}</UniqueIdentifier>
    </Filter>
    <Filter Include="Src\Application\Object\Item\Coin">
      <UniqueIdentifier>{5a6540df-58e1-43ff-9f0a-18b9d3b57ebd}</UniqueIdentifier>
    </Filter>
    <Filter Include="Src\Application\Object\Effect">
      <UniqueIdentifier>{41085394-248c-4406-8fdc-fa3d5eb3c00a}</UniqueIdentifier>
    </Filter>
    <Filter Include="Src\Application\Common\Sound">
      <UniqueIdentifier>{1f59fc43-7f29-4988-befb-bed7bd889f3d}</UniqueIdentifier>
    </Filter>
    <Filter Include="Src\Application\Object\Event\Goal">
      <UniqueIdentifier>{aa9752de-b181-4778-87f8-4435d0781ed3}</UniqueIdentifier>
    </Filter>
    <Filter Include="Src\Application\Manager">
      <UniqueIdentifier>{3e0082cf-2a62-4b84-b734-36e882ce6a98}</UniqueIdentifier>
    </Filter>
    <Filter Include="Src\Application\Manager\StageManager">
      <UniqueIdentifier>{2b1af507-2b9f-49c0-bf8e-4460f5cb741e}</UniqueIdentifier>
    </Filter>
    <Filter Include="Src\Application\Manager\ScoreManager">
      <UniqueIdentifier>{4b7dc718-2801-4de8-a652-c488a9ddee7c}</UniqueIdentifier>
    </Filter>
    <Filter Include="Src\Application\Object\BackGround">
      <UniqueIdentifier>{d84425d0-0662-49db-bb98-bf5e010f1e15}</UniqueIdentifier>
    </Filter>
    <Filter Include="Src\Application\Object\BackGround\GameSceneBackGround">
      <UniqueIdentifier>{29e9c0d5-73f3-4e13-a2fb-6635c63f659c}</UniqueIdentifier>
    </Filter>
    <Filter Include="Src\Application\Object\Ui\TitleSceneUi\TitleLogo">
      <UniqueIdentifier>{d58fe9e4-18b0-4250-bcc1-12b5a6c3d1b1}</UniqueIdentifier>
    </Filter>
    <Filter Include="Src\Application\Object\BackGround\TitleSceneBackGround">
      <UniqueIdentifier>{25355b20-f82d-4fb5-9a6a-756b08efc09e}</UniqueIdentifier>
    </Filter>
    <Filter Include="Src\Application\Object\BackGround\StageSelectBackGround">
      <UniqueIdentifier>{00c1d480-f4a1-4db4-ae8f-86954bee0618}</UniqueIdentifier>
    </Filter>
    <Filter Include="Src\Application\Object\BackGround\ResultBackGround">
      <UniqueIdentifier>{5722c031-5dc8-4812-a0db-64142b662f8e}</UniqueIdentifier>
    </Filter>
    <Filter Include="Src\Application\Object\StageBlock\DamageBlock">
      <UniqueIdentifier>{2fd82815-2240-459f-85e5-a0bf32c58993}</UniqueIdentifier>
    </Filter>
    <Filter Include="Src\Application\Object\Ui\BaseButton">
      <UniqueIdentifier>{93089ad0-ed6a-44a1-b9bf-964e695426b9}</UniqueIdentifier>
    </Filter>
    <Filter Include="Src\Application\Object\Num">
      <UniqueIdentifier>{5dedaccd-19d0-4653-93f9-c8aaf880061d}</UniqueIdentifier>
    </Filter>
    <Filter Include="Src\Application\Object\Event\RoomCenter">
      <UniqueIdentifier>{e78f5cdf-0ee6-4932-b933-090fc6f9c42b}</UniqueIdentifier>
    </Filter>
    <Filter Include="Src\Application\Scene\ResultScene">
      <UniqueIdentifier>{1f10c559-484b-4abe-beec-b4f1c0adc0b1}</UniqueIdentifier>
    </Filter>
    <Filter Include="Src\Application\Object\Ui\ResultSceneUi">
      <UniqueIdentifier>{dfc591fd-eebd-4d8c-bdda-325de0874729}</UniqueIdentifier>
    </Filter>
    <Filter Include="Src\Application\Object\Ui\ResultSceneUi\Rank">
      <UniqueIdentifier>{16862812-ebdd-4c6d-8d18-a6cfa7a20a6c}</UniqueIdentifier>
    </Filter>
    <Filter Include="Src\Application\Object\Ui\CommonUi">
      <UniqueIdentifier>{bb07f6fe-c75d-4e38-8e28-f5441c1c491b}</UniqueIdentifier>
    </Filter>
    <Filter Include="Src\Application\Object\Ui\CommonUi\BlackBack">
      <UniqueIdentifier>{b8ae0609-874e-4228-85a1-d3db78a118b3}</UniqueIdentifier>
    </Filter>
    <Filter Include="Src\Application\Object\Ui\TitleSceneUi\PressEnter">
      <UniqueIdentifier>{4cbef22d-b200-46a3-bf1a-d42253cce968}</UniqueIdentifier>
    </Filter>
    <Filter Include="Src\Application\Object\Ui\ResultSceneUi\Result">
      <UniqueIdentifier>{44b3bf29-7bc6-45da-9ce4-8f46d34d0b20}</UniqueIdentifier>
    </Filter>
    <Filter Include="Src\Application\Object\CountDown">
      <UniqueIdentifier>{b32d6511-ed97-412d-b60d-ddcc84e5e33b}</UniqueIdentifier>
    </Filter>
    <Filter Include="Src\Application\Object\Ui\StageSelectSceneUi\EnterStart">
      <UniqueIdentifier>{ebf94534-f52d-40fc-9bcf-b93914fd744b}</UniqueIdentifier>
    </Filter>
    <Filter Include="Src\Application\Object\Ui\GameSceneUi\OperationsUi">
      <UniqueIdentifier>{bf3b7652-7d08-4a26-835e-886b1ac0c34f}</UniqueIdentifier>
    </Filter>
    <Filter Include="Src\Application\Object\Effect\SquareEffect">
      <UniqueIdentifier>{f5c876d6-55ef-42f8-8213-23f0cd0a18c4}</UniqueIdentifier>
    </Filter>
    <Filter Include="Src\Application\Object\GoalDisplay">
      <UniqueIdentifier>{71b784ce-cbcb-41a2-958d-a3f1168f1f23}</UniqueIdentifier>
    </Filter>
  </ItemGroup>
  <ItemGroup>
    <ClInclude Include="src\Pch.h">
      <Filter>Src</Filter>
    </ClInclude>
    <ClInclude Include="..\Library\tinygltf\json.hpp">
      <Filter>Library\tinygltf</Filter>
    </ClInclude>
    <ClInclude Include="..\Library\tinygltf\stb_image.h">
      <Filter>Library\tinygltf</Filter>
    </ClInclude>
    <ClInclude Include="..\Library\tinygltf\stb_image_write.h">
      <Filter>Library\tinygltf</Filter>
    </ClInclude>
    <ClInclude Include="..\Library\tinygltf\tiny_gltf.h">
      <Filter>Library\tinygltf</Filter>
    </ClInclude>
    <ClInclude Include="Src\Application\main.h">
      <Filter>Src\Application</Filter>
    </ClInclude>
    <ClInclude Include="src\Framework\Direct3D\KdDirect3D.h">
      <Filter>Src\Framework\Direct3D</Filter>
    </ClInclude>
    <ClInclude Include="src\Framework\Direct3D\KdTexture.h">
      <Filter>Src\Framework\Direct3D</Filter>
    </ClInclude>
    <ClInclude Include="src\Framework\Direct3D\KdBuffer.h">
      <Filter>Src\Framework\Direct3D</Filter>
    </ClInclude>
    <ClInclude Include="Src\Framework\Direct3D\KdGLTFLoader.h">
      <Filter>Src\Framework\Direct3D</Filter>
    </ClInclude>
    <ClInclude Include="Src\Framework\Shader\KdShaderManager.h">
      <Filter>Src\Framework\Shader</Filter>
    </ClInclude>
    <ClInclude Include="Src\Framework\Shader\SpriteShader\KdSpriteShader.h">
      <Filter>Src\Framework\Shader\SpriteShader</Filter>
    </ClInclude>
    <ClInclude Include="src\Framework\Utility\KdUtility.h">
      <Filter>Src\Framework\Utility</Filter>
    </ClInclude>
    <ClInclude Include="src\Framework\KdFramework.h">
      <Filter>Src\Framework</Filter>
    </ClInclude>
    <ClInclude Include="..\Library\strconv.h">
      <Filter>Library</Filter>
    </ClInclude>
    <ClInclude Include="src\Framework\Window\KdWindow.h">
      <Filter>Src\Framework\Window</Filter>
    </ClInclude>
    <ClInclude Include="src\Framework\Direct3D\KdMesh.h">
      <Filter>Src\Framework\Direct3D</Filter>
    </ClInclude>
    <ClInclude Include="Src\Framework\Direct3D\KdModel.h">
      <Filter>Src\Framework\Direct3D</Filter>
    </ClInclude>
    <ClInclude Include="Src\Framework\Math\KdCollision.h">
      <Filter>Src\Framework\Math</Filter>
    </ClInclude>
    <ClInclude Include="Src\Framework\Math\KdAnimation.h">
      <Filter>Src\Framework\Math</Filter>
    </ClInclude>
    <ClInclude Include="Src\Framework\Audio\KdAudio.h">
      <Filter>Src\Framework\Audio</Filter>
    </ClInclude>
    <ClInclude Include="Src\Framework\Direct3D\KdCamera.h">
      <Filter>Src\Framework\Direct3D</Filter>
    </ClInclude>
    <ClInclude Include="Src\Framework\Shader\PostProcessShader\KdPostProcessShader.h">
      <Filter>Src\Framework\Shader\PostProcessShader</Filter>
    </ClInclude>
    <ClInclude Include="Src\Framework\Math\KdCollider.h">
      <Filter>Src\Framework\Math</Filter>
    </ClInclude>
    <ClInclude Include="Src\Framework\Math\KdEasing.h">
      <Filter>Src\Framework\Math</Filter>
    </ClInclude>
    <ClInclude Include="Src\Framework\GameObject\KdGameObject.h">
      <Filter>Src\Framework\GameObject</Filter>
    </ClInclude>
    <ClInclude Include="Src\Framework\GameObject\KdGameObjectFactory.h">
      <Filter>Src\Framework\GameObject</Filter>
    </ClInclude>
    <ClInclude Include="Src\Framework\Input\KdInput.h">
      <Filter>Src\Framework\Input</Filter>
    </ClInclude>
    <ClInclude Include="Src\Framework\Utility\KdCSVData.h">
      <Filter>Src\Framework\Utility</Filter>
    </ClInclude>
    <ClInclude Include="Src\Framework\Direct3D\Polygon\KdPolygon.h">
      <Filter>Src\Framework\Direct3D\Polygon</Filter>
    </ClInclude>
    <ClInclude Include="Src\Framework\Direct3D\Polygon\KdSquarePolygon.h">
      <Filter>Src\Framework\Direct3D\Polygon</Filter>
    </ClInclude>
    <ClInclude Include="Src\Framework\Direct3D\Polygon\KdTrailPolygon.h">
      <Filter>Src\Framework\Direct3D\Polygon</Filter>
    </ClInclude>
    <ClInclude Include="Src\Framework\Direct3D\KdMaterial.h">
      <Filter>Src\Framework\Direct3D</Filter>
    </ClInclude>
    <ClInclude Include="Src\Framework\Utility\KdDataStorage.h">
      <Filter>Src\Framework\Utility</Filter>
    </ClInclude>
    <ClInclude Include="Src\Framework\Shader\KdAmbientController.h">
      <Filter>Src\Framework\Shader</Filter>
    </ClInclude>
    <ClInclude Include="Src\Framework\Math\KdUVAnimation.h">
      <Filter>Src\Framework\Math</Filter>
    </ClInclude>
    <ClInclude Include="Src\Framework\Shader\KdRenderTargetChange.h">
      <Filter>Src\Framework\Shader</Filter>
    </ClInclude>
    <ClInclude Include="Src\Framework\Utility\KdFPSController.h">
      <Filter>Src\Framework\Utility</Filter>
    </ClInclude>
    <ClInclude Include="Src\Framework\Shader\StandardShader\KdStandardShader.h">
      <Filter>Src\Framework\Shader\StandardShader</Filter>
    </ClInclude>
    <ClInclude Include="Src\Framework\Effekseer\KdEffekseerManager.h">
      <Filter>Src\Framework\Effekseer</Filter>
    </ClInclude>
    <ClInclude Include="Src\Framework\Utility\KdRandom.h">
      <Filter>Src\Framework\Utility</Filter>
    </ClInclude>
    <ClInclude Include="..\Library\imgui\imconfig.h">
      <Filter>Library\imgui</Filter>
    </ClInclude>
    <ClInclude Include="..\Library\imgui\imgui.h">
      <Filter>Library\imgui</Filter>
    </ClInclude>
    <ClInclude Include="..\Library\imgui\imgui_impl_dx11.h">
      <Filter>Library\imgui</Filter>
    </ClInclude>
    <ClInclude Include="..\Library\imgui\imgui_impl_win32.h">
      <Filter>Library\imgui</Filter>
    </ClInclude>
    <ClInclude Include="..\Library\imgui\imgui_internal.h">
      <Filter>Library\imgui</Filter>
    </ClInclude>
    <ClInclude Include="..\Library\imgui\imgui_stdlib.h">
      <Filter>Library\imgui</Filter>
    </ClInclude>
    <ClInclude Include="..\Library\imgui\imstb_rectpack.h">
      <Filter>Library\imgui</Filter>
    </ClInclude>
    <ClInclude Include="..\Library\imgui\imstb_textedit.h">
      <Filter>Library\imgui</Filter>
    </ClInclude>
    <ClInclude Include="..\Library\imgui\imstb_truetype.h">
      <Filter>Library\imgui</Filter>
    </ClInclude>
    <ClInclude Include="..\Library\imgui\ja_glyph_ranges.h">
      <Filter>Library\imgui</Filter>
    </ClInclude>
    <ClInclude Include="Src\Framework\Font\KdFont.h">
      <Filter>Src\Framework\Font</Filter>
    </ClInclude>
    <ClInclude Include="Src\Framework\Utility\KdDebug\KdDebugGUI.h">
      <Filter>Src\Framework\Utility\KdDebug</Filter>
    </ClInclude>
    <ClInclude Include="Src\Framework\Utility\KdDebug\KdDebugWireFrame.h">
      <Filter>Src\Framework\Utility\KdDebug</Filter>
    </ClInclude>
    <ClInclude Include="Src\Application\Scene\SceneManager.h">
      <Filter>Src\Application\Scene</Filter>
    </ClInclude>
    <ClInclude Include="Src\Application\Scene\TitleScene\TitleScene.h">
      <Filter>Src\Application\Scene\TitleScene</Filter>
    </ClInclude>
    <ClInclude Include="Src\Application\Scene\GameScene\GameScene.h">
      <Filter>Src\Application\Scene\GameScene</Filter>
    </ClInclude>
    <ClInclude Include="Src\Application\Scene\BaseScene\BaseScene.h">
      <Filter>Src\Application\Scene\BaseScene</Filter>
    </ClInclude>
    <ClInclude Include="Src\Application\Object\Player\Player.h">
      <Filter>Src\Application\Object\Player</Filter>
    </ClInclude>
    <ClInclude Include="Src\Application\Object\Ui\TitleSceneUi\TitleSceneUi.h">
      <Filter>Src\Application\Object\Ui\TitleSceneUi</Filter>
    </ClInclude>
    <ClInclude Include="Src\Application\Scene\StageSelectScene\StageSelectScene.h">
      <Filter>Src\Application\Scene\StageSelectScene</Filter>
    </ClInclude>
    <ClInclude Include="Src\Application\Object\Ui\StageSelectSceneUi\StageSelectSceneUi.h">
      <Filter>Src\Application\Object\Ui\StageSelectSceneUi</Filter>
    </ClInclude>
    <ClInclude Include="Src\Application\Common\CommonAPI.h">
      <Filter>Src\Application\Common</Filter>
    </ClInclude>
    <ClInclude Include="Src\Application\Common\Input\Input.h">
      <Filter>Src\Application\Common\Input</Filter>
    </ClInclude>
    <ClInclude Include="Src\Application\Common\Feed\Feed.h">
      <Filter>Src\Application\Common\Feed</Filter>
    </ClInclude>
    <ClInclude Include="Src\Application\Common\CommonAsset\CommonAsset.h">
      <Filter>Src\Application\Common\CommonAsset</Filter>
    </ClInclude>
    <ClInclude Include="Src\Application\Object\Ui\UiBase.h">
      <Filter>Src\Application\Object\Ui</Filter>
    </ClInclude>
    <ClInclude Include="Src\Application\Object\Ui\StageSelectSceneUi\StageSelectBackGround\StageSelectBackGround.h">
      <Filter>Src\Application\Object\Ui\StageSelectSceneUi\StageSelectBackGround</Filter>
    </ClInclude>
    <ClInclude Include="Src\Application\Object\Ground\GameGround\GameGround.h">
      <Filter>Src\Application\Object\Ground\GameGround</Filter>
    </ClInclude>
    <ClInclude Include="Src\Application\Common\Info\Info.h">
      <Filter>Src\Application\Common\Info</Filter>
    </ClInclude>
    <ClInclude Include="Src\Application\Scene\EditorScene\EditorScene.h">
      <Filter>Src\Application\Scene\EditorScene</Filter>
    </ClInclude>
    <ClInclude Include="Src\Application\Editor\Editor.h">
      <Filter>Src\Application\Common\Editor</Filter>
    </ClInclude>
    <ClInclude Include="Src\Application\Object\StageBlock\BaseStageBlock.h">
      <Filter>Src\Application\Object\StageBlock</Filter>
    </ClInclude>
    <ClInclude Include="Src\Application\Object\Event\RoomExit\RoomExit.h">
      <Filter>Src\Application\Object\Event\RoomExit</Filter>
    </ClInclude>
    <ClInclude Include="Src\Application\Object\Event\BaseEvent.h">
      <Filter>Src\Application\Object\Event</Filter>
    </ClInclude>
    <ClInclude Include="Src\Application\Object\Item\BaseItem.h">
      <Filter>Src\Application\Object\Item</Filter>
    </ClInclude>
    <ClInclude Include="Src\Application\Object\Item\Coin\Coin.h">
      <Filter>Src\Application\Object\Item\Coin</Filter>
    </ClInclude>
    <ClInclude Include="Src\Application\Object\Effect\EffectManager.h">
      <Filter>Src\Application\Object\Effect</Filter>
    </ClInclude>
    <ClInclude Include="Src\Application\Common\Sound\Sound.h">
      <Filter>Src\Application\Common\Sound</Filter>
    </ClInclude>
    <ClInclude Include="Src\Application\Object\Event\Goal\Goal.h">
      <Filter>Src\Application\Object\Event\Goal</Filter>
    </ClInclude>
    <ClInclude Include="Src\Application\Manager\StageManager\StageManager.h">
      <Filter>Src\Application\Manager\StageManager</Filter>
    </ClInclude>
    <ClInclude Include="Src\Application\Manager\ScoreManager\ScoreManager.h">
      <Filter>Src\Application\Manager\ScoreManager</Filter>
    </ClInclude>
    <ClInclude Include="Src\Application\Object\Effect\BaseEffect.h">
      <Filter>Src\Application\Object\Effect</Filter>
    </ClInclude>
    <ClInclude Include="Src\Application\Object\BackGround\BaseBackGround.h">
      <Filter>Src\Application\Object\BackGround</Filter>
    </ClInclude>
    <ClInclude Include="Src\Application\Object\BackGround\GameSceneBackGround\GameSceneBackGround.h">
      <Filter>Src\Application\Object\BackGround\GameSceneBackGround</Filter>
    </ClInclude>
    <ClInclude Include="Src\Application\Object\Ui\TitleSceneUi\TitleLogo\TitleLogo.h">
      <Filter>Src\Application\Object\Ui\TitleSceneUi\TitleLogo</Filter>
    </ClInclude>
    <ClInclude Include="Src\Application\Object\BackGround\TitleSceneBackGround\TitleSceneBackGround.h">
      <Filter>Src\Application\Object\BackGround\TitleSceneBackGround</Filter>
    </ClInclude>
    <ClInclude Include="Src\Application\Object\BackGround\StageSelectSceneBackGround\StageSelectSceneBackGround.h">
      <Filter>Src\Application\Object\BackGround\StageSelectBackGround</Filter>
    </ClInclude>
    <ClInclude Include="Src\Application\Object\BackGround\ResultSceneBackGround\ResultSceneBackGround.h">
      <Filter>Src\Application\Object\BackGround\ResultBackGround</Filter>
    </ClInclude>
    <ClInclude Include="Src\Application\Object\StageBlock\DamageBlock\DamageBlock.h">
      <Filter>Src\Application\Object\StageBlock\DamageBlock</Filter>
    </ClInclude>
    <ClInclude Include="Src\Application\Object\Ui\BaseButton\BaseButton.h">
      <Filter>Src\Application\Object\Ui\BaseButton</Filter>
    </ClInclude>
    <ClInclude Include="Src\Application\Object\Ui\GameSceneUi\GameSceneUi.h">
      <Filter>Src\Application\Object\Ui\GameSceneUi</Filter>
    </ClInclude>
    <ClInclude Include="Src\Application\Object\Num\Num.h">
      <Filter>Src\Application\Object\Num</Filter>
    </ClInclude>
    <ClInclude Include="Src\Application\Object\Event\RoomCenter\RoomCenter.h">
      <Filter>Src\Application\Object\Event\RoomCenter</Filter>
    </ClInclude>
    <ClInclude Include="Src\Application\Scene\ResultScene\ResultScene.h">
      <Filter>Src\Application\Scene\ResultScene</Filter>
    </ClInclude>
    <ClInclude Include="Src\Application\Object\Ui\ResultSceneUi\ResultSceneUi.h">
      <Filter>Src\Application\Object\Ui\ResultSceneUi</Filter>
    </ClInclude>
    <ClInclude Include="Src\Application\Object\Ui\ResultSceneUi\Rank\Rank.h">
      <Filter>Src\Application\Object\Ui\ResultSceneUi\Rank</Filter>
    </ClInclude>
    <ClInclude Include="Src\Application\Object\Ui\CommonUi\BlackBack\BlackBack.h">
      <Filter>Src\Application\Object\Ui\CommonUi\BlackBack</Filter>
    </ClInclude>
    <ClInclude Include="Src\Application\Object\Ui\TitleSceneUi\PressEnter\PressEnter.h">
      <Filter>Src\Application\Object\Ui\TitleSceneUi\PressEnter</Filter>
    </ClInclude>
    <ClInclude Include="Src\Application\Object\Ui\ResultSceneUi\Result\Result.h">
      <Filter>Src\Application\Object\Ui\ResultSceneUi\Result</Filter>
    </ClInclude>
    <ClInclude Include="Src\Application\Object\CountDown\CountDown.h">
      <Filter>Src\Application\Object\CountDown</Filter>
    </ClInclude>
    <ClInclude Include="Src\Application\Object\Ui\StageSelectSceneUi\EnterStart\EnterStart.h">
      <Filter>Src\Application\Object\Ui\StageSelectSceneUi\EnterStart</Filter>
    </ClInclude>
    <ClInclude Include="Src\Application\Object\Ui\GameSceneUi\OperationsUi\OperationsUi.h">
      <Filter>Src\Application\Object\Ui\GameSceneUi\OperationsUi</Filter>
    </ClInclude>
    <ClInclude Include="Src\Application\Object\Effect\SquareEffect\SquareEffect.h">
      <Filter>Src\Application\Object\Effect\SquareEffect</Filter>
    </ClInclude>
    <ClInclude Include="Src\Application\Object\GoalDisplay\GoalDisplay.h">
      <Filter>Src\Application\Object\GoalDisplay</Filter>
    </ClInclude>
  </ItemGroup>
  <ItemGroup>
    <ClCompile Include="src\Pch.cpp">
      <Filter>Src</Filter>
    </ClCompile>
    <ClCompile Include="Src\Application\main.cpp">
      <Filter>Src\Application</Filter>
    </ClCompile>
    <ClCompile Include="src\Framework\Direct3D\KdDirect3D.cpp">
      <Filter>Src\Framework\Direct3D</Filter>
    </ClCompile>
    <ClCompile Include="src\Framework\Direct3D\KdTexture.cpp">
      <Filter>Src\Framework\Direct3D</Filter>
    </ClCompile>
    <ClCompile Include="src\Framework\Direct3D\KdBuffer.cpp">
      <Filter>Src\Framework\Direct3D</Filter>
    </ClCompile>
    <ClCompile Include="Src\Framework\Direct3D\KdGLTFLoader.cpp">
      <Filter>Src\Framework\Direct3D</Filter>
    </ClCompile>
    <ClCompile Include="Src\Framework\Shader\KdShaderManager.cpp">
      <Filter>Src\Framework\Shader</Filter>
    </ClCompile>
    <ClCompile Include="Src\Framework\Shader\SpriteShader\KdSpriteShader.cpp">
      <Filter>Src\Framework\Shader\SpriteShader</Filter>
    </ClCompile>
    <ClCompile Include="src\Framework\Window\KdWindow.cpp">
      <Filter>Src\Framework\Window</Filter>
    </ClCompile>
    <ClCompile Include="Src\Framework\Utility\KdUtility.cpp">
      <Filter>Src\Framework\Utility</Filter>
    </ClCompile>
    <ClCompile Include="src\Framework\Direct3D\KdMesh.cpp">
      <Filter>Src\Framework\Direct3D</Filter>
    </ClCompile>
    <ClCompile Include="Src\Framework\Direct3D\KdModel.cpp">
      <Filter>Src\Framework\Direct3D</Filter>
    </ClCompile>
    <ClCompile Include="Src\Framework\Math\KdCollision.cpp">
      <Filter>Src\Framework\Math</Filter>
    </ClCompile>
    <ClCompile Include="Src\Framework\Math\KdAnimation.cpp">
      <Filter>Src\Framework\Math</Filter>
    </ClCompile>
    <ClCompile Include="Src\Framework\Audio\KdAudio.cpp">
      <Filter>Src\Framework\Audio</Filter>
    </ClCompile>
    <ClCompile Include="Src\Framework\Direct3D\KdCamera.cpp">
      <Filter>Src\Framework\Direct3D</Filter>
    </ClCompile>
    <ClCompile Include="Src\Framework\Shader\PostProcessShader\KdPostProcessShader.cpp">
      <Filter>Src\Framework\Shader\PostProcessShader</Filter>
    </ClCompile>
    <ClCompile Include="Src\Framework\Math\KdCollider.cpp">
      <Filter>Src\Framework\Math</Filter>
    </ClCompile>
    <ClCompile Include="Src\Framework\Math\KdEasing.cpp">
      <Filter>Src\Framework\Math</Filter>
    </ClCompile>
    <ClCompile Include="Src\Framework\GameObject\KdGameObject.cpp">
      <Filter>Src\Framework\GameObject</Filter>
    </ClCompile>
    <ClCompile Include="Src\Framework\GameObject\KdGameObjectFactory.cpp">
      <Filter>Src\Framework\GameObject</Filter>
    </ClCompile>
    <ClCompile Include="Src\Framework\Input\KdInput.cpp">
      <Filter>Src\Framework\Input</Filter>
    </ClCompile>
    <ClCompile Include="Src\Framework\Utility\KdCSVData.cpp">
      <Filter>Src\Framework\Utility</Filter>
    </ClCompile>
    <ClCompile Include="Src\Framework\Direct3D\Polygon\KdSquarePolygon.cpp">
      <Filter>Src\Framework\Direct3D\Polygon</Filter>
    </ClCompile>
    <ClCompile Include="Src\Framework\Direct3D\Polygon\KdTrailPolygon.cpp">
      <Filter>Src\Framework\Direct3D\Polygon</Filter>
    </ClCompile>
    <ClCompile Include="Src\Framework\Direct3D\KdMaterial.cpp">
      <Filter>Src\Framework\Direct3D</Filter>
    </ClCompile>
    <ClCompile Include="Src\Framework\Direct3D\Polygon\KdPolygon.cpp">
      <Filter>Src\Framework\Direct3D\Polygon</Filter>
    </ClCompile>
    <ClCompile Include="Src\Framework\Shader\KdAmbientController.cpp">
      <Filter>Src\Framework\Shader</Filter>
    </ClCompile>
    <ClCompile Include="Src\Framework\Math\KdUVAnimation.cpp">
      <Filter>Src\Framework\Math</Filter>
    </ClCompile>
    <ClCompile Include="Src\Framework\Shader\KdRenderTargetChange.cpp">
      <Filter>Src\Framework\Shader</Filter>
    </ClCompile>
    <ClCompile Include="Src\Framework\Utility\KdFPSController.cpp">
      <Filter>Src\Framework\Utility</Filter>
    </ClCompile>
    <ClCompile Include="Src\Framework\Shader\StandardShader\KdStandardShader.cpp">
      <Filter>Src\Framework\Shader\StandardShader</Filter>
    </ClCompile>
    <ClCompile Include="Src\Framework\Effekseer\KdEffekseerManager.cpp">
      <Filter>Src\Framework\Effekseer</Filter>
    </ClCompile>
    <ClCompile Include="..\Library\imgui\imgui.cpp">
      <Filter>Library\imgui</Filter>
    </ClCompile>
    <ClCompile Include="..\Library\imgui\imgui_demo.cpp">
      <Filter>Library\imgui</Filter>
    </ClCompile>
    <ClCompile Include="..\Library\imgui\imgui_draw.cpp">
      <Filter>Library\imgui</Filter>
    </ClCompile>
    <ClCompile Include="..\Library\imgui\imgui_impl_dx11.cpp">
      <Filter>Library\imgui</Filter>
    </ClCompile>
    <ClCompile Include="..\Library\imgui\imgui_impl_win32.cpp">
      <Filter>Library\imgui</Filter>
    </ClCompile>
    <ClCompile Include="..\Library\imgui\imgui_stdlib.cpp">
      <Filter>Library\imgui</Filter>
    </ClCompile>
    <ClCompile Include="..\Library\imgui\imgui_tables.cpp">
      <Filter>Library\imgui</Filter>
    </ClCompile>
    <ClCompile Include="..\Library\imgui\imgui_widgets.cpp">
      <Filter>Library\imgui</Filter>
    </ClCompile>
    <ClCompile Include="Src\Framework\Font\KdFont.cpp">
      <Filter>Src\Framework\Font</Filter>
    </ClCompile>
    <ClCompile Include="Src\Framework\Utility\KdDebug\KdDebugGUI.cpp">
      <Filter>Src\Framework\Utility\KdDebug</Filter>
    </ClCompile>
    <ClCompile Include="Src\Framework\Utility\KdDebug\KdDebugWireFrame.cpp">
      <Filter>Src\Framework\Utility\KdDebug</Filter>
    </ClCompile>
    <ClCompile Include="Src\Application\Scene\SceneManager.cpp">
      <Filter>Src\Application\Scene</Filter>
    </ClCompile>
    <ClCompile Include="Src\Application\Scene\TitleScene\TitleScene.cpp">
      <Filter>Src\Application\Scene\TitleScene</Filter>
    </ClCompile>
    <ClCompile Include="Src\Application\Scene\GameScene\GameScene.cpp">
      <Filter>Src\Application\Scene\GameScene</Filter>
    </ClCompile>
    <ClCompile Include="Src\Application\Scene\BaseScene\BaseScene.cpp">
      <Filter>Src\Application\Scene\BaseScene</Filter>
    </ClCompile>
    <ClCompile Include="Src\Application\Object\Player\Player.cpp">
      <Filter>Src\Application\Object\Player</Filter>
    </ClCompile>
    <ClCompile Include="Src\Application\Object\Ui\TitleSceneUi\TitleSceneUi.cpp">
      <Filter>Src\Application\Object\Ui\TitleSceneUi</Filter>
    </ClCompile>
    <ClCompile Include="Src\Application\Scene\StageSelectScene\StageSelectScene.cpp">
      <Filter>Src\Application\Scene\StageSelectScene</Filter>
    </ClCompile>
    <ClCompile Include="Src\Application\Object\Ui\StageSelectSceneUi\StageSelectSceneUi.cpp">
      <Filter>Src\Application\Object\Ui\StageSelectSceneUi</Filter>
    </ClCompile>
    <ClCompile Include="Src\Application\Common\CommonAPI.cpp">
      <Filter>Src\Application\Common</Filter>
    </ClCompile>
    <ClCompile Include="Src\Application\Common\Input\Input.cpp">
      <Filter>Src\Application\Common\Input</Filter>
    </ClCompile>
    <ClCompile Include="Src\Application\Common\Feed\Feed.cpp">
      <Filter>Src\Application\Common\Feed</Filter>
    </ClCompile>
    <ClCompile Include="Src\Application\Common\CommonAsset\CommonAsset.cpp">
      <Filter>Src\Application\Common\CommonAsset</Filter>
    </ClCompile>
    <ClCompile Include="Src\Application\Object\Ui\UiBase.cpp">
      <Filter>Src\Application\Object\Ui</Filter>
    </ClCompile>
    <ClCompile Include="Src\Application\Object\Ui\StageSelectSceneUi\StageSelectBackGround\StageSelectBackGround.cpp">
      <Filter>Src\Application\Object\Ui\StageSelectSceneUi\StageSelectBackGround</Filter>
    </ClCompile>
    <ClCompile Include="Src\Application\Object\Ground\GameGround\GameGround.cpp">
      <Filter>Src\Application\Object\Ground\GameGround</Filter>
    </ClCompile>
    <ClCompile Include="Src\Application\Common\Info\Info.cpp">
      <Filter>Src\Application\Common\Info</Filter>
    </ClCompile>
    <ClCompile Include="Src\Application\Scene\EditorScene\EditorScene.cpp">
      <Filter>Src\Application\Scene\EditorScene</Filter>
    </ClCompile>
    <ClCompile Include="Src\Application\Editor\Editor.cpp">
      <Filter>Src\Application\Common\Editor</Filter>
    </ClCompile>
    <ClCompile Include="Src\Application\Object\StageBlock\BaseStageBlock.cpp">
      <Filter>Src\Application\Object\StageBlock</Filter>
    </ClCompile>
    <ClCompile Include="Src\Application\Object\Event\RoomExit\RoomExit.cpp">
      <Filter>Src\Application\Object\Event\RoomExit</Filter>
    </ClCompile>
    <ClCompile Include="Src\Application\Object\Event\BaseEvent.cpp">
      <Filter>Src\Application\Object\Event</Filter>
    </ClCompile>
    <ClCompile Include="Src\Application\Object\Item\BaseItem.cpp">
      <Filter>Src\Application\Object\Item</Filter>
    </ClCompile>
    <ClCompile Include="Src\Application\Object\Item\Coin\Coin.cpp">
      <Filter>Src\Application\Object\Item\Coin</Filter>
    </ClCompile>
    <ClCompile Include="Src\Application\Object\Effect\EffectManager.cpp">
      <Filter>Src\Application\Object\Effect</Filter>
    </ClCompile>
    <ClCompile Include="Src\Application\Common\Sound\Sound.cpp">
      <Filter>Src\Application\Common\Sound</Filter>
    </ClCompile>
    <ClCompile Include="Src\Application\Object\Event\Goal\Goal.cpp">
      <Filter>Src\Application\Object\Event\Goal</Filter>
    </ClCompile>
    <ClCompile Include="Src\Application\Manager\StageManager\StageManager.cpp">
      <Filter>Src\Application\Manager\StageManager</Filter>
    </ClCompile>
    <ClCompile Include="Src\Application\Manager\ScoreManager\ScoreManager.cpp">
      <Filter>Src\Application\Manager\ScoreManager</Filter>
    </ClCompile>
    <ClCompile Include="Src\Application\Object\Effect\BaseEffect.cpp">
      <Filter>Src\Application\Object\Effect</Filter>
    </ClCompile>
    <ClCompile Include="Src\Application\Object\BackGround\BaseBackGround.cpp">
      <Filter>Src\Application\Object\BackGround</Filter>
    </ClCompile>
    <ClCompile Include="Src\Application\Object\BackGround\GameSceneBackGround\GameSceneBackGround.cpp">
      <Filter>Src\Application\Object\BackGround\GameSceneBackGround</Filter>
    </ClCompile>
    <ClCompile Include="Src\Application\Object\Ui\TitleSceneUi\TitleLogo\TitleLogo.cpp">
      <Filter>Src\Application\Object\Ui\TitleSceneUi\TitleLogo</Filter>
    </ClCompile>
    <ClCompile Include="Src\Application\Object\BackGround\TitleSceneBackGround\TitleSceneBackGround.cpp">
      <Filter>Src\Application\Object\BackGround\TitleSceneBackGround</Filter>
    </ClCompile>
    <ClCompile Include="Src\Application\Object\BackGround\StageSelectSceneBackGround\StageSelectSceneBackGround.cpp">
      <Filter>Src\Application\Object\BackGround\StageSelectBackGround</Filter>
    </ClCompile>
    <ClCompile Include="Src\Application\Object\BackGround\ResultSceneBackGround\ResultSceneBackGround.cpp">
      <Filter>Src\Application\Object\BackGround\ResultBackGround</Filter>
    </ClCompile>
    <ClCompile Include="Src\Application\Object\StageBlock\DamageBlock\DamageBlock.cpp">
      <Filter>Src\Application\Object\StageBlock\DamageBlock</Filter>
    </ClCompile>
    <ClCompile Include="Src\Application\Object\Ui\BaseButton\BaseButton.cpp">
      <Filter>Src\Application\Object\Ui\BaseButton</Filter>
    </ClCompile>
    <ClCompile Include="Src\Application\Object\Ui\GameSceneUi\GameSceneUi.cpp">
      <Filter>Src\Application\Object\Ui\GameSceneUi</Filter>
    </ClCompile>
    <ClCompile Include="Src\Application\Object\Num\Num.cpp">
      <Filter>Src\Application\Object\Num</Filter>
    </ClCompile>
    <ClCompile Include="Src\Application\Object\Event\RoomCenter\RoomCenter.cpp">
      <Filter>Src\Application\Object\Event\RoomCenter</Filter>
    </ClCompile>
    <ClCompile Include="Src\Application\Scene\ResultScene\ResultScene.cpp">
      <Filter>Src\Application\Scene\ResultScene</Filter>
    </ClCompile>
    <ClCompile Include="Src\Application\Object\Ui\ResultSceneUi\ResultSceneUi.cpp">
      <Filter>Src\Application\Object\Ui\ResultSceneUi</Filter>
    </ClCompile>
    <ClCompile Include="Src\Application\Object\Ui\ResultSceneUi\Rank\Rank.cpp">
      <Filter>Src\Application\Object\Ui\ResultSceneUi\Rank</Filter>
    </ClCompile>
    <ClCompile Include="Src\Application\Object\Ui\CommonUi\BlackBack\BlackBack.cpp">
      <Filter>Src\Application\Object\Ui\CommonUi\BlackBack</Filter>
    </ClCompile>
    <ClCompile Include="Src\Application\Object\Ui\TitleSceneUi\PressEnter\PressEnter.cpp">
      <Filter>Src\Application\Object\Ui\TitleSceneUi\PressEnter</Filter>
    </ClCompile>
    <ClCompile Include="Src\Application\Object\Ui\ResultSceneUi\Result\Result.cpp">
      <Filter>Src\Application\Object\Ui\ResultSceneUi\Result</Filter>
    </ClCompile>
    <ClCompile Include="Src\Application\Object\CountDown\CountDown.cpp">
      <Filter>Src\Application\Object\CountDown</Filter>
    </ClCompile>
    <ClCompile Include="Src\Application\Object\Ui\StageSelectSceneUi\EnterStart\EnterStart.cpp">
      <Filter>Src\Application\Object\Ui\StageSelectSceneUi\EnterStart</Filter>
    </ClCompile>
    <ClCompile Include="Src\Application\Object\Ui\GameSceneUi\OperationsUi\OperationsUi.cpp">
      <Filter>Src\Application\Object\Ui\GameSceneUi\OperationsUi</Filter>
    </ClCompile>
    <ClCompile Include="Src\Application\Object\Effect\SquareEffect\SquareEffect.cpp">
      <Filter>Src\Application\Object\Effect\SquareEffect</Filter>
    </ClCompile>
    <ClCompile Include="Src\Application\Object\GoalDisplay\GoalDisplay.cpp">
      <Filter>Src\Application\Object\GoalDisplay</Filter>
    </ClCompile>
  </ItemGroup>
  <ItemGroup>
    <None Include="Src\Framework\Shader\inc_KdCommon.hlsli">
      <Filter>Src\Framework\Shader</Filter>
    </None>
    <None Include="Src\Framework\Shader\SpriteShader\inc_KdSpriteShader.hlsli">
      <Filter>Src\Framework\Shader\SpriteShader</Filter>
    </None>
    <None Include="Src\Framework\Shader\PostProcessShader\inc_KdPostProcessShader.hlsli">
      <Filter>Src\Framework\Shader\PostProcessShader</Filter>
    </None>
    <None Include="Src\Framework\Shader\StandardShader\inc_KdStandardShader.hlsli">
      <Filter>Src\Framework\Shader\StandardShader</Filter>
    </None>
  </ItemGroup>
  <ItemGroup>
    <FxCompile Include="Src\Framework\Shader\SpriteShader\KdSpriteShader_PS.hlsl">
      <Filter>Src\Framework\Shader\SpriteShader</Filter>
    </FxCompile>
    <FxCompile Include="Src\Framework\Shader\SpriteShader\KdSpriteShader_VS.hlsl">
      <Filter>Src\Framework\Shader\SpriteShader</Filter>
    </FxCompile>
    <FxCompile Include="Src\Framework\Shader\PostProcessShader\KdPostProcessShader_PS_Blur.hlsl">
      <Filter>Src\Framework\Shader\PostProcessShader</Filter>
    </FxCompile>
    <FxCompile Include="Src\Framework\Shader\PostProcessShader\KdPostProcessShader_VS.hlsl">
      <Filter>Src\Framework\Shader\PostProcessShader</Filter>
    </FxCompile>
    <FxCompile Include="Src\Framework\Shader\PostProcessShader\KdPostProcessShader_PS_DoF.hlsl">
      <Filter>Src\Framework\Shader\PostProcessShader</Filter>
    </FxCompile>
    <FxCompile Include="Src\Framework\Shader\PostProcessShader\KdPostProcessShader_PS_Bright.hlsl">
      <Filter>Src\Framework\Shader\PostProcessShader</Filter>
    </FxCompile>
    <FxCompile Include="Src\Framework\Shader\StandardShader\KdStandardShader_PS_GenDepthMapFromLight.hlsl">
      <Filter>Src\Framework\Shader\StandardShader</Filter>
    </FxCompile>
    <FxCompile Include="Src\Framework\Shader\StandardShader\KdStandardShader_PS_Lit.hlsl">
      <Filter>Src\Framework\Shader\StandardShader</Filter>
    </FxCompile>
    <FxCompile Include="Src\Framework\Shader\StandardShader\KdStandardShader_PS_UnLit.hlsl">
      <Filter>Src\Framework\Shader\StandardShader</Filter>
    </FxCompile>
    <FxCompile Include="Src\Framework\Shader\StandardShader\KdStandardShader_VS_GenDepthMapFromLight.hlsl">
      <Filter>Src\Framework\Shader\StandardShader</Filter>
    </FxCompile>
    <FxCompile Include="Src\Framework\Shader\StandardShader\KdStandardShader_VS_Lit.hlsl">
      <Filter>Src\Framework\Shader\StandardShader</Filter>
    </FxCompile>
    <FxCompile Include="Src\Framework\Shader\StandardShader\KdStandardShader_VS_UnLit.hlsl">
      <Filter>Src\Framework\Shader\StandardShader</Filter>
    </FxCompile>
  </ItemGroup>
</Project>